
Microsoft Visual Studio Solution File, Format Version 12.00
# Visual Studio Version 17
VisualStudioVersion = 17.5.002.0
MinimumVisualStudioVersion = 10.0.40219.1
Project("{9A19103F-16F7-4668-BE54-9A1E7A4F7556}") = "server", "server.csproj", "{F3528C24-3B61-494D-9504-5D39B5680566}"
EndProject
Global
	GlobalSection(SolutionConfigurationPlatforms) = preSolution
		Debug|Any CPU = Debug|Any CPU
		Release|Any CPU = Release|Any CPU
	EndGlobalSection
	GlobalSection(ProjectConfigurationPlatforms) = postSolution
		{F3528C24-3B61-494D-9504-5D39B5680566}.Debug|Any CPU.ActiveCfg = Debug|Any CPU
		{F3528C24-3B61-494D-9504-5D39B5680566}.Debug|Any CPU.Build.0 = Debug|Any CPU
		{F3528C24-3B61-494D-9504-5D39B5680566}.Release|Any CPU.ActiveCfg = Release|Any CPU
		{F3528C24-3B61-494D-9504-5D39B5680566}.Release|Any CPU.Build.0 = Release|Any CPU
	EndGlobalSection
	GlobalSection(SolutionProperties) = preSolution
		HideSolutionNode = FALSE
	EndGlobalSection
	GlobalSection(ExtensibilityGlobals) = postSolution
		SolutionGuid = {9536646B-8F55-46C6-9BA7-7FF5003EEF11}
	EndGlobalSection
EndGlobal
